
Microsoft Visual Studio Solution File, Format Version 12.00
# Visual Studio 15
VisualStudioVersion = 15.0.26430.15
MinimumVisualStudioVersion = 10.0.40219.1
Project("{2150E333-8FDC-42A3-9474-1A3956D46DE8}") = "0. Libraries", "0. Libraries", "{68B33F0D-ACA4-417B-89E7-92D048D5DFA0}"
EndProject
Project("{2150E333-8FDC-42A3-9474-1A3956D46DE8}") = "1. Model", "1. Model", "{48D99B0A-3C19-4EB7-8296-0A007162E90F}"
EndProject
Project("{2150E333-8FDC-42A3-9474-1A3956D46DE8}") = "2. Service", "2. Service", "{D4715230-0AB7-4B52-B3CB-C3B71A474EBF}"
EndProject
Project("{2150E333-8FDC-42A3-9474-1A3956D46DE8}") = "3. ReportsBackEnd", "3. ReportsBackEnd", "{14C9E774-AAB9-4C1F-8DC2-38F6A80D52EA}"
EndProject
Project("{2150E333-8FDC-42A3-9474-1A3956D46DE8}") = "4. ReportsFrontEnd", "4. ReportsFrontEnd", "{54826A27-A712-488B-8A75-30944E50CCD3}"
EndProject
Project("{2150E333-8FDC-42A3-9474-1A3956D46DE8}") = "5. Controls", "5. Controls", "{E47288E2-41EE-4DF0-A75A-875D18E6E021}"
EndProject
Project("{2150E333-8FDC-42A3-9474-1A3956D46DE8}") = "6. Clients", "6. Clients", "{1FE03031-AF19-4128-8D60-21CC6F744E60}"
EndProject
Project("{2150E333-8FDC-42A3-9474-1A3956D46DE8}") = "Mobile", "Mobile", "{7A040DDE-3D1D-4AA8-9A16-1ED24703CFE3}"
EndProject
Project("{2150E333-8FDC-42A3-9474-1A3956D46DE8}") = "Web", "Web", "{CA394821-1577-4045-A8E2-51ED3C443E39}"
EndProject
Project("{2150E333-8FDC-42A3-9474-1A3956D46DE8}") = "Windows", "Windows", "{DC88692C-64FF-49EA-8666-1AFC955FB7B1}"
EndProject
Project("{FAE04EC0-301F-11D3-BF4B-00C04F79EFBC}") = "RecursoCurricular.Web.UI", "RecursoCurricular.Web.UI\RecursoCurricular.Web.UI.csproj", "{000B87E6-206A-4A9C-8ECF-6ECF3D5C32B5}"
EndProject
Project("{FAE04EC0-301F-11D3-BF4B-00C04F79EFBC}") = "RecursoCurricular", "RecursoCurricular\RecursoCurricular.csproj", "{31FE3606-5ABA-44FB-9284-3DDBB8F68FFE}"
EndProject
Project("{FAE04EC0-301F-11D3-BF4B-00C04F79EFBC}") = "RecursoCurricular.BaseCurricular", "RecursoCurricular.BaseCurricular\RecursoCurricular.BaseCurricular.csproj", "{14A87217-6121-4E06-9361-D5E8385EE09E}"
EndProject
Project("{FAE04EC0-301F-11D3-BF4B-00C04F79EFBC}") = "RecursoCurricular.Educacion", "RecursoCurricular.Educacion\RecursoCurricular.Educacion.csproj", "{F2F77C22-B3A6-4EA8-8F88-58C9234AB08E}"
EndProject
Project("{FAE04EC0-301F-11D3-BF4B-00C04F79EFBC}") = "RecursoCurricular.Membresia", "RecursoCurricular.Membresia\RecursoCurricular.Membresia.csproj", "{379B4626-9DD2-4FC4-9BAE-FC56BD68F82E}"
EndProject
Project("{FAE04EC0-301F-11D3-BF4B-00C04F79EFBC}") = "RecursoCurricular.RecursosCurriculares", "RecursoCurricular.RecursosCurriculares\RecursoCurricular.RecursosCurriculares.csproj", "{040ED32E-58E8-45FD-91EE-6F205F8353A8}"
EndProject
Project("{2150E333-8FDC-42A3-9474-1A3956D46DE8}") = "0.1. Assemblies", "0.1. Assemblies", "{85626ACD-454B-427E-8A99-2AE41973AD2D}"
EndProject
Project("{FAE04EC0-301F-11D3-BF4B-00C04F79EFBC}") = "FluentLinqToSql", "FluentLinqToSql\FluentLinqToSql.csproj", "{7814BE78-9A53-41F1-AF08-A845203C900A}"
EndProject
Project("{2150E333-8FDC-42A3-9474-1A3956D46DE8}") = "Helpers", "Helpers", "{BADDB3C1-7A3C-44FE-B0CA-F2CE2F031226}"
EndProject
Project("{2150E333-8FDC-42A3-9474-1A3956D46DE8}") = "Web", "Web", "{98D820C3-DD17-46C4-AFEF-A48220D9A18D}"
EndProject
Project("{FAE04EC0-301F-11D3-BF4B-00C04F79EFBC}") = "RecursoCurricular.Helpers", "RecursoCurricular.Helpers\RecursoCurricular.Helpers.csproj", "{644D997A-AD2E-4AE4-9F90-F6B1B1173FE3}"
EndProject
Project("{FAE04EC0-301F-11D3-BF4B-00C04F79EFBC}") = "RecursoCurricular.Web", "RecursoCurricular.Web\RecursoCurricular.Web.csproj", "{F7016762-0635-4EA2-8B16-044A161ECA9B}"
EndProject
Global
	GlobalSection(SolutionConfigurationPlatforms) = preSolution
		Debug|Any CPU = Debug|Any CPU
		Release|Any CPU = Release|Any CPU
	EndGlobalSection
	GlobalSection(ProjectConfigurationPlatforms) = postSolution
		{000B87E6-206A-4A9C-8ECF-6ECF3D5C32B5}.Debug|Any CPU.ActiveCfg = Debug|Any CPU
		{000B87E6-206A-4A9C-8ECF-6ECF3D5C32B5}.Debug|Any CPU.Build.0 = Debug|Any CPU
		{000B87E6-206A-4A9C-8ECF-6ECF3D5C32B5}.Release|Any CPU.ActiveCfg = Release|Any CPU
		{000B87E6-206A-4A9C-8ECF-6ECF3D5C32B5}.Release|Any CPU.Build.0 = Release|Any CPU
		{31FE3606-5ABA-44FB-9284-3DDBB8F68FFE}.Debug|Any CPU.ActiveCfg = Debug|Any CPU
		{31FE3606-5ABA-44FB-9284-3DDBB8F68FFE}.Debug|Any CPU.Build.0 = Debug|Any CPU
		{31FE3606-5ABA-44FB-9284-3DDBB8F68FFE}.Release|Any CPU.ActiveCfg = Release|Any CPU
		{31FE3606-5ABA-44FB-9284-3DDBB8F68FFE}.Release|Any CPU.Build.0 = Release|Any CPU
		{14A87217-6121-4E06-9361-D5E8385EE09E}.Debug|Any CPU.ActiveCfg = Debug|Any CPU
		{14A87217-6121-4E06-9361-D5E8385EE09E}.Debug|Any CPU.Build.0 = Debug|Any CPU
		{14A87217-6121-4E06-9361-D5E8385EE09E}.Release|Any CPU.ActiveCfg = Release|Any CPU
		{14A87217-6121-4E06-9361-D5E8385EE09E}.Release|Any CPU.Build.0 = Release|Any CPU
		{F2F77C22-B3A6-4EA8-8F88-58C9234AB08E}.Debug|Any CPU.ActiveCfg = Debug|Any CPU
		{F2F77C22-B3A6-4EA8-8F88-58C9234AB08E}.Debug|Any CPU.Build.0 = Debug|Any CPU
		{F2F77C22-B3A6-4EA8-8F88-58C9234AB08E}.Release|Any CPU.ActiveCfg = Release|Any CPU
		{F2F77C22-B3A6-4EA8-8F88-58C9234AB08E}.Release|Any CPU.Build.0 = Release|Any CPU
		{379B4626-9DD2-4FC4-9BAE-FC56BD68F82E}.Debug|Any CPU.ActiveCfg = Debug|Any CPU
		{379B4626-9DD2-4FC4-9BAE-FC56BD68F82E}.Debug|Any CPU.Build.0 = Debug|Any CPU
		{379B4626-9DD2-4FC4-9BAE-FC56BD68F82E}.Release|Any CPU.ActiveCfg = Release|Any CPU
		{379B4626-9DD2-4FC4-9BAE-FC56BD68F82E}.Release|Any CPU.Build.0 = Release|Any CPU
		{040ED32E-58E8-45FD-91EE-6F205F8353A8}.Debug|Any CPU.ActiveCfg = Debug|Any CPU
		{040ED32E-58E8-45FD-91EE-6F205F8353A8}.Debug|Any CPU.Build.0 = Debug|Any CPU
		{040ED32E-58E8-45FD-91EE-6F205F8353A8}.Release|Any CPU.ActiveCfg = Release|Any CPU
		{040ED32E-58E8-45FD-91EE-6F205F8353A8}.Release|Any CPU.Build.0 = Release|Any CPU
		{7814BE78-9A53-41F1-AF08-A845203C900A}.Debug|Any CPU.ActiveCfg = Debug|Any CPU
		{7814BE78-9A53-41F1-AF08-A845203C900A}.Debug|Any CPU.Build.0 = Debug|Any CPU
		{7814BE78-9A53-41F1-AF08-A845203C900A}.Release|Any CPU.ActiveCfg = Release|Any CPU
		{7814BE78-9A53-41F1-AF08-A845203C900A}.Release|Any CPU.Build.0 = Release|Any CPU
		{644D997A-AD2E-4AE4-9F90-F6B1B1173FE3}.Debug|Any CPU.ActiveCfg = Debug|Any CPU
		{644D997A-AD2E-4AE4-9F90-F6B1B1173FE3}.Debug|Any CPU.Build.0 = Debug|Any CPU
		{644D997A-AD2E-4AE4-9F90-F6B1B1173FE3}.Release|Any CPU.ActiveCfg = Release|Any CPU
		{644D997A-AD2E-4AE4-9F90-F6B1B1173FE3}.Release|Any CPU.Build.0 = Release|Any CPU
		{F7016762-0635-4EA2-8B16-044A161ECA9B}.Debug|Any CPU.ActiveCfg = Debug|Any CPU
		{F7016762-0635-4EA2-8B16-044A161ECA9B}.Debug|Any CPU.Build.0 = Debug|Any CPU
		{F7016762-0635-4EA2-8B16-044A161ECA9B}.Release|Any CPU.ActiveCfg = Release|Any CPU
		{F7016762-0635-4EA2-8B16-044A161ECA9B}.Release|Any CPU.Build.0 = Release|Any CPU
	EndGlobalSection
	GlobalSection(SolutionProperties) = preSolution
		HideSolutionNode = FALSE
	EndGlobalSection
	GlobalSection(NestedProjects) = preSolution
		{7A040DDE-3D1D-4AA8-9A16-1ED24703CFE3} = {1FE03031-AF19-4128-8D60-21CC6F744E60}
		{CA394821-1577-4045-A8E2-51ED3C443E39} = {1FE03031-AF19-4128-8D60-21CC6F744E60}
		{DC88692C-64FF-49EA-8666-1AFC955FB7B1} = {1FE03031-AF19-4128-8D60-21CC6F744E60}
		{000B87E6-206A-4A9C-8ECF-6ECF3D5C32B5} = {CA394821-1577-4045-A8E2-51ED3C443E39}
		{31FE3606-5ABA-44FB-9284-3DDBB8F68FFE} = {48D99B0A-3C19-4EB7-8296-0A007162E90F}
		{14A87217-6121-4E06-9361-D5E8385EE09E} = {48D99B0A-3C19-4EB7-8296-0A007162E90F}
		{F2F77C22-B3A6-4EA8-8F88-58C9234AB08E} = {48D99B0A-3C19-4EB7-8296-0A007162E90F}
		{379B4626-9DD2-4FC4-9BAE-FC56BD68F82E} = {48D99B0A-3C19-4EB7-8296-0A007162E90F}
		{040ED32E-58E8-45FD-91EE-6F205F8353A8} = {48D99B0A-3C19-4EB7-8296-0A007162E90F}
		{85626ACD-454B-427E-8A99-2AE41973AD2D} = {68B33F0D-ACA4-417B-89E7-92D048D5DFA0}
		{7814BE78-9A53-41F1-AF08-A845203C900A} = {85626ACD-454B-427E-8A99-2AE41973AD2D}
		{BADDB3C1-7A3C-44FE-B0CA-F2CE2F031226} = {E47288E2-41EE-4DF0-A75A-875D18E6E021}
		{98D820C3-DD17-46C4-AFEF-A48220D9A18D} = {E47288E2-41EE-4DF0-A75A-875D18E6E021}
		{644D997A-AD2E-4AE4-9F90-F6B1B1173FE3} = {BADDB3C1-7A3C-44FE-B0CA-F2CE2F031226}
		{F7016762-0635-4EA2-8B16-044A161ECA9B} = {98D820C3-DD17-46C4-AFEF-A48220D9A18D}
	EndGlobalSection
EndGlobal
